{
  "name": "html-test-simple-mask-money",
  "version": "1.0.0",
  "lockfileVersion": 1,
  "requires": true,
  "dependencies": {
    "simple-mask-money": {
      "version": "0.0.6",
      "resolved": "https://registry.npmjs.org/simple-mask-money/-/simple-mask-money-0.0.6.tgz",
      "integrity": "sha512-PodfCvx2/lEV1ied9OSzNpLUFaz/FOe0kKXUwX44szQdQEDKaT6kCpAkfgSWLfbFt658V8VVz3KGlcaJsaD3pw=="
    }
  }
}
