{
  "name": "html-test-simple-mask-money",
  "version": "0.1.1",
  "lockfileVersion": 1,
  "requires": true,
  "dependencies": {
    "simple-mask-money": {
      "version": "2.0.1",
      "resolved": "https://registry.npmjs.org/simple-mask-money/-/simple-mask-money-2.0.1.tgz",
      "integrity": "sha512-S0Spgwi6oCwEGSEcgDEP8fdJTFooq9V8UOkO3X1Ob/3yfZ6IH5vxm+y+JUB+euDNblgZHyBFfjtrXLVGm08XSw=="
    }
  }
}
